
Microsoft Visual Studio Solution File, Format Version 12.00
# Visual Studio Version 16
VisualStudioVersion = 16.0.29326.143
MinimumVisualStudioVersion = 10.0.40219.1
Project("{FAE04EC0-301F-11D3-BF4B-00C04F79EFBC}") = "LabTester", "LabTester\LabTester.csproj", "{EDE40D87-CB0C-454B-ACBB-16F2F189FFE9}"
EndProject
Global
	GlobalSection(SolutionConfigurationPlatforms) = preSolution
		Debug|Any CPU = Debug|Any CPU
		Release|Any CPU = Release|Any CPU
	EndGlobalSection
	GlobalSection(ProjectConfigurationPlatforms) = postSolution
		{EDE40D87-CB0C-454B-ACBB-16F2F189FFE9}.Debug|Any CPU.ActiveCfg = Debug|Any CPU
		{EDE40D87-CB0C-454B-ACBB-16F2F189FFE9}.Debug|Any CPU.Build.0 = Debug|Any CPU
		{EDE40D87-CB0C-454B-ACBB-16F2F189FFE9}.Release|Any CPU.ActiveCfg = Release|Any CPU
		{EDE40D87-CB0C-454B-ACBB-16F2F189FFE9}.Release|Any CPU.Build.0 = Release|Any CPU
	EndGlobalSection
	GlobalSection(SolutionProperties) = preSolution
		HideSolutionNode = FALSE
	EndGlobalSection
	GlobalSection(ExtensibilityGlobals) = postSolution
		SolutionGuid = {3E4C8D2E-54A9-4155-8725-26F0B4AF92CE}
	EndGlobalSection
EndGlobal
